// !$*UTF8*$!
{
	archiveVersion = 1;
	classes = {
	};
	objectVersion = 46;
	objects = {

/* Begin PBXBuildFile section */
		2CFCDAFC1758EBAB00E18247 /* LogInViewController.m in Sources */ = {isa = PBXBuildFile; fileRef = 2CFCDAF61758EBAB00E18247 /* LogInViewController.m */; };
		2CFCDAFD1758EBAB00E18247 /* RegistrationViewController.m in Sources */ = {isa = PBXBuildFile; fileRef = 2CFCDAF81758EBAB00E18247 /* RegistrationViewController.m */; };
		2CFCDAFE1758EBAB00E18247 /* ProfileViewController.m in Sources */ = {isa = PBXBuildFile; fileRef = 2CFCDAFB1758EBAB00E18247 /* ProfileViewController.m */; };
		2CFCDB011758EE6F00E18247 /* BaseTableViewController.m in Sources */ = {isa = PBXBuildFile; fileRef = 2CFCDB001758EE6F00E18247 /* BaseTableViewController.m */; };
		2CFCDB041758EED500E18247 /* BaseTableViewCell.m in Sources */ = {isa = PBXBuildFile; fileRef = 2CFCDB031758EED500E18247 /* BaseTableViewCell.m */; };
		2CFCDB081758EEFE00E18247 /* ProfileTableViewCell.m in Sources */ = {isa = PBXBuildFile; fileRef = 2CFCDB071758EEFE00E18247 /* ProfileTableViewCell.m */; };
		5A2FD714175A112E000936E1 /* SignOutViewController.m in Sources */ = {isa = PBXBuildFile; fileRef = 5A2FD712175A112E000936E1 /* SignOutViewController.m */; };
		5A2FD715175A112E000936E1 /* SignOutViewController.xib in Resources */ = {isa = PBXBuildFile; fileRef = 5A2FD713175A112E000936E1 /* SignOutViewController.xib */; };
		C005AFF817556F6D002BDF6E /* FacebookSDK.framework in Frameworks */ = {isa = PBXBuildFile; fileRef = C005AFF717556F6D002BDF6E /* FacebookSDK.framework */; };
		C005AFFA17556F85002BDF6E /* FacebookSDKResources.bundle in Resources */ = {isa = PBXBuildFile; fileRef = C005AFF917556F85002BDF6E /* FacebookSDKResources.bundle */; };
		C005AFFC17557003002BDF6E /* AdSupport.framework in Frameworks */ = {isa = PBXBuildFile; fileRef = C005AFFB17557003002BDF6E /* AdSupport.framework */; settings = {ATTRIBUTES = (Weak, ); }; };
		C005AFFE1755700A002BDF6E /* Accounts.framework in Frameworks */ = {isa = PBXBuildFile; fileRef = C005AFFD1755700A002BDF6E /* Accounts.framework */; settings = {ATTRIBUTES = (Weak, ); }; };
		C005B00017557019002BDF6E /* libsqlite3.dylib in Frameworks */ = {isa = PBXBuildFile; fileRef = C005AFFF17557019002BDF6E /* libsqlite3.dylib */; settings = {ATTRIBUTES = (Weak, ); }; };
		C005B00217557025002BDF6E /* Social.framework in Frameworks */ = {isa = PBXBuildFile; fileRef = C005B00117557025002BDF6E /* Social.framework */; settings = {ATTRIBUTES = (Weak, ); }; };
		C005B004175572D3002BDF6E /* LoginView_iPhone.xib in Resources */ = {isa = PBXBuildFile; fileRef = C005B003175572D3002BDF6E /* LoginView_iPhone.xib */; };
		C005B00717557500002BDF6E /* LoginView.m in Sources */ = {isa = PBXBuildFile; fileRef = C005B00617557500002BDF6E /* LoginView.m */; };
		C0132B5C175298F100768231 /* MainController.m in Sources */ = {isa = PBXBuildFile; fileRef = C0132B52175298F100768231 /* MainController.m */; };
		C0132B661752992000768231 /* bg.jpg in Resources */ = {isa = PBXBuildFile; fileRef = C0132B601752992000768231 /* bg.jpg */; };
		C0132B671752992000768231 /* Default-568h@2x.png in Resources */ = {isa = PBXBuildFile; fileRef = C0132B611752992000768231 /* Default-568h@2x.png */; };
		C0132B681752992000768231 /* Default.png in Resources */ = {isa = PBXBuildFile; fileRef = C0132B621752992000768231 /* Default.png */; };
		C0132B691752992000768231 /* Default@2x.png in Resources */ = {isa = PBXBuildFile; fileRef = C0132B631752992000768231 /* Default@2x.png */; };
		C0132B6A1752992000768231 /* fb.png in Resources */ = {isa = PBXBuildFile; fileRef = C0132B641752992000768231 /* fb.png */; };
		C0132B6B1752992000768231 /* tw@2x.png in Resources */ = {isa = PBXBuildFile; fileRef = C0132B651752992000768231 /* tw@2x.png */; };
		D8251986174A2FBA00A36A65 /* RegistrationView_iPhone.xib in Resources */ = {isa = PBXBuildFile; fileRef = D8251984174A2FBA00A36A65 /* RegistrationView_iPhone.xib */; };
		D8C6D7A417491B9400D796A5 /* UIKit.framework in Frameworks */ = {isa = PBXBuildFile; fileRef = D8C6D7A317491B9400D796A5 /* UIKit.framework */; };
		D8C6D7A617491B9400D796A5 /* Foundation.framework in Frameworks */ = {isa = PBXBuildFile; fileRef = D8C6D7A517491B9400D796A5 /* Foundation.framework */; };
		D8C6D7A817491B9400D796A5 /* CoreGraphics.framework in Frameworks */ = {isa = PBXBuildFile; fileRef = D8C6D7A717491B9400D796A5 /* CoreGraphics.framework */; };
		D8C6D7AE17491B9400D796A5 /* InfoPlist.strings in Resources */ = {isa = PBXBuildFile; fileRef = D8C6D7AC17491B9400D796A5 /* InfoPlist.strings */; };
		D8C6D7B017491B9400D796A5 /* main.m in Sources */ = {isa = PBXBuildFile; fileRef = D8C6D7AF17491B9400D796A5 /* main.m */; };
		D8C6D7B417491B9400D796A5 /* AppDelegate.m in Sources */ = {isa = PBXBuildFile; fileRef = D8C6D7B317491B9400D796A5 /* AppDelegate.m */; };
		D8C6D7CB17491B9400D796A5 /* SenTestingKit.framework in Frameworks */ = {isa = PBXBuildFile; fileRef = D8C6D7CA17491B9400D796A5 /* SenTestingKit.framework */; };
		D8C6D7CC17491B9400D796A5 /* UIKit.framework in Frameworks */ = {isa = PBXBuildFile; fileRef = D8C6D7A317491B9400D796A5 /* UIKit.framework */; };
		D8C6D7CD17491B9400D796A5 /* Foundation.framework in Frameworks */ = {isa = PBXBuildFile; fileRef = D8C6D7A517491B9400D796A5 /* Foundation.framework */; };
		D8C6D7D517491B9400D796A5 /* InfoPlist.strings in Resources */ = {isa = PBXBuildFile; fileRef = D8C6D7D317491B9400D796A5 /* InfoPlist.strings */; };
		D8C6D7D817491B9400D796A5 /* jyotrTests.m in Sources */ = {isa = PBXBuildFile; fileRef = D8C6D7D717491B9400D796A5 /* jyotrTests.m */; };
		D8C6D7EC1749257900D796A5 /* Parse.framework in Frameworks */ = {isa = PBXBuildFile; fileRef = D8C6D7EB1749257900D796A5 /* Parse.framework */; };
		D8C6D7F817492D0900D796A5 /* AudioToolbox.framework in Frameworks */ = {isa = PBXBuildFile; fileRef = D8C6D7F717492D0900D796A5 /* AudioToolbox.framework */; };
		D8C6D7FA17492D0F00D796A5 /* CFNetwork.framework in Frameworks */ = {isa = PBXBuildFile; fileRef = D8C6D7F917492D0F00D796A5 /* CFNetwork.framework */; };
		D8C6D7FC17492D1B00D796A5 /* CoreLocation.framework in Frameworks */ = {isa = PBXBuildFile; fileRef = D8C6D7FB17492D1B00D796A5 /* CoreLocation.framework */; };
		D8C6D7FE17492D2300D796A5 /* libz.1.1.3.dylib in Frameworks */ = {isa = PBXBuildFile; fileRef = D8C6D7FD17492D2300D796A5 /* libz.1.1.3.dylib */; };
		D8C6D80017492D2800D796A5 /* MobileCoreServices.framework in Frameworks */ = {isa = PBXBuildFile; fileRef = D8C6D7FF17492D2800D796A5 /* MobileCoreServices.framework */; };
		D8C6D80217492D2E00D796A5 /* QuartzCore.framework in Frameworks */ = {isa = PBXBuildFile; fileRef = D8C6D80117492D2E00D796A5 /* QuartzCore.framework */; };
		D8C6D80417492D3300D796A5 /* Security.framework in Frameworks */ = {isa = PBXBuildFile; fileRef = D8C6D80317492D3300D796A5 /* Security.framework */; settings = {ATTRIBUTES = (Weak, ); }; };
		D8C6D80617492D3700D796A5 /* StoreKit.framework in Frameworks */ = {isa = PBXBuildFile; fileRef = D8C6D80517492D3700D796A5 /* StoreKit.framework */; };
		D8C6D80817492D3D00D796A5 /* SystemConfiguration.framework in Frameworks */ = {isa = PBXBuildFile; fileRef = D8C6D80717492D3D00D796A5 /* SystemConfiguration.framework */; };
/* End PBXBuildFile section */

/* Begin PBXContainerItemProxy section */
		D8C6D7CE17491B9400D796A5 /* PBXContainerItemProxy */ = {
			isa = PBXContainerItemProxy;
			containerPortal = D8C6D79817491B9400D796A5 /* Project object */;
			proxyType = 1;
			remoteGlobalIDString = D8C6D79F17491B9400D796A5;
			remoteInfo = jyotr;
		};
/* End PBXContainerItemProxy section */

/* Begin PBXFileReference section */
		2CFCDAF51758EBAB00E18247 /* LogInViewController.h */ = {isa = PBXFileReference; fileEncoding = 4; lastKnownFileType = sourcecode.c.h; path = LogInViewController.h; sourceTree = "<group>"; };
		2CFCDAF61758EBAB00E18247 /* LogInViewController.m */ = {isa = PBXFileReference; fileEncoding = 4; lastKnownFileType = sourcecode.c.objc; path = LogInViewController.m; sourceTree = "<group>"; };
		2CFCDAF71758EBAB00E18247 /* RegistrationViewController.h */ = {isa = PBXFileReference; fileEncoding = 4; lastKnownFileType = sourcecode.c.h; path = RegistrationViewController.h; sourceTree = "<group>"; };
		2CFCDAF81758EBAB00E18247 /* RegistrationViewController.m */ = {isa = PBXFileReference; fileEncoding = 4; lastKnownFileType = sourcecode.c.objc; path = RegistrationViewController.m; sourceTree = "<group>"; };
		2CFCDAFA1758EBAB00E18247 /* ProfileViewController.h */ = {isa = PBXFileReference; fileEncoding = 4; lastKnownFileType = sourcecode.c.h; path = ProfileViewController.h; sourceTree = "<group>"; };
		2CFCDAFB1758EBAB00E18247 /* ProfileViewController.m */ = {isa = PBXFileReference; fileEncoding = 4; lastKnownFileType = sourcecode.c.objc; path = ProfileViewController.m; sourceTree = "<group>"; };
		2CFCDAFF1758EE6F00E18247 /* BaseTableViewController.h */ = {isa = PBXFileReference; fileEncoding = 4; lastKnownFileType = sourcecode.c.h; name = BaseTableViewController.h; path = ../View/TableCell/BaseTableViewController.h; sourceTree = "<group>"; };
		2CFCDB001758EE6F00E18247 /* BaseTableViewController.m */ = {isa = PBXFileReference; fileEncoding = 4; lastKnownFileType = sourcecode.c.objc; name = BaseTableViewController.m; path = ../View/TableCell/BaseTableViewController.m; sourceTree = "<group>"; };
		2CFCDB021758EED500E18247 /* BaseTableViewCell.h */ = {isa = PBXFileReference; fileEncoding = 4; lastKnownFileType = sourcecode.c.h; path = BaseTableViewCell.h; sourceTree = "<group>"; };
		2CFCDB031758EED500E18247 /* BaseTableViewCell.m */ = {isa = PBXFileReference; fileEncoding = 4; lastKnownFileType = sourcecode.c.objc; path = BaseTableViewCell.m; sourceTree = "<group>"; };
		2CFCDB061758EEFE00E18247 /* ProfileTableViewCell.h */ = {isa = PBXFileReference; fileEncoding = 4; lastKnownFileType = sourcecode.c.h; path = ProfileTableViewCell.h; sourceTree = "<group>"; };
		2CFCDB071758EEFE00E18247 /* ProfileTableViewCell.m */ = {isa = PBXFileReference; fileEncoding = 4; lastKnownFileType = sourcecode.c.objc; path = ProfileTableViewCell.m; sourceTree = "<group>"; };
		5A2FD711175A112E000936E1 /* SignOutViewController.h */ = {isa = PBXFileReference; fileEncoding = 4; lastKnownFileType = sourcecode.c.h; path = SignOutViewController.h; sourceTree = "<group>"; };
		5A2FD712175A112E000936E1 /* SignOutViewController.m */ = {isa = PBXFileReference; fileEncoding = 4; lastKnownFileType = sourcecode.c.objc; path = SignOutViewController.m; sourceTree = "<group>"; };
		5A2FD713175A112E000936E1 /* SignOutViewController.xib */ = {isa = PBXFileReference; fileEncoding = 4; lastKnownFileType = file.xib; name = SignOutViewController.xib; path = ../Classes/Controller/Authentication/SignOutViewController.xib; sourceTree = "<group>"; };
		C005AFF717556F6D002BDF6E /* FacebookSDK.framework */ = {isa = PBXFileReference; lastKnownFileType = wrapper.framework; path = FacebookSDK.framework; sourceTree = "<group>"; };
		C005AFF917556F85002BDF6E /* FacebookSDKResources.bundle */ = {isa = PBXFileReference; lastKnownFileType = "wrapper.plug-in"; name = FacebookSDKResources.bundle; path = FacebookSDK.framework/Versions/A/Resources/FacebookSDKResources.bundle; sourceTree = "<group>"; };
		C005AFFB17557003002BDF6E /* AdSupport.framework */ = {isa = PBXFileReference; lastKnownFileType = wrapper.framework; name = AdSupport.framework; path = System/Library/Frameworks/AdSupport.framework; sourceTree = SDKROOT; };
		C005AFFD1755700A002BDF6E /* Accounts.framework */ = {isa = PBXFileReference; lastKnownFileType = wrapper.framework; name = Accounts.framework; path = System/Library/Frameworks/Accounts.framework; sourceTree = SDKROOT; };
		C005AFFF17557019002BDF6E /* libsqlite3.dylib */ = {isa = PBXFileReference; lastKnownFileType = "compiled.mach-o.dylib"; name = libsqlite3.dylib; path = usr/lib/libsqlite3.dylib; sourceTree = SDKROOT; };
		C005B00117557025002BDF6E /* Social.framework */ = {isa = PBXFileReference; lastKnownFileType = wrapper.framework; name = Social.framework; path = System/Library/Frameworks/Social.framework; sourceTree = SDKROOT; };
		C005B003175572D3002BDF6E /* LoginView_iPhone.xib */ = {isa = PBXFileReference; fileEncoding = 4; lastKnownFileType = file.xib; path = LoginView_iPhone.xib; sourceTree = "<group>"; };
		C005B00517557500002BDF6E /* LoginView.h */ = {isa = PBXFileReference; fileEncoding = 4; lastKnownFileType = sourcecode.c.h; path = LoginView.h; sourceTree = "<group>"; };
		C005B00617557500002BDF6E /* LoginView.m */ = {isa = PBXFileReference; fileEncoding = 4; lastKnownFileType = sourcecode.c.objc; path = LoginView.m; sourceTree = "<group>"; };
		C0132B51175298F100768231 /* MainController.h */ = {isa = PBXFileReference; fileEncoding = 4; lastKnownFileType = sourcecode.c.h; path = MainController.h; sourceTree = "<group>"; };
		C0132B52175298F100768231 /* MainController.m */ = {isa = PBXFileReference; fileEncoding = 4; lastKnownFileType = sourcecode.c.objc; path = MainController.m; sourceTree = "<group>"; };
		C0132B601752992000768231 /* bg.jpg */ = {isa = PBXFileReference; lastKnownFileType = image.jpeg; path = bg.jpg; sourceTree = "<group>"; };
		C0132B611752992000768231 /* Default-568h@2x.png */ = {isa = PBXFileReference; lastKnownFileType = image.png; path = "Default-568h@2x.png"; sourceTree = "<group>"; };
		C0132B621752992000768231 /* Default.png */ = {isa = PBXFileReference; lastKnownFileType = image.png; path = Default.png; sourceTree = "<group>"; };
		C0132B631752992000768231 /* Default@2x.png */ = {isa = PBXFileReference; lastKnownFileType = image.png; path = "Default@2x.png"; sourceTree = "<group>"; };
		C0132B641752992000768231 /* fb.png */ = {isa = PBXFileReference; lastKnownFileType = image.png; path = fb.png; sourceTree = "<group>"; };
		C0132B651752992000768231 /* tw@2x.png */ = {isa = PBXFileReference; lastKnownFileType = image.png; path = "tw@2x.png"; sourceTree = "<group>"; };
		D8251984174A2FBA00A36A65 /* RegistrationView_iPhone.xib */ = {isa = PBXFileReference; fileEncoding = 4; lastKnownFileType = file.xib; path = RegistrationView_iPhone.xib; sourceTree = "<group>"; };
		D8C6D7A017491B9400D796A5 /* jyotr.app */ = {isa = PBXFileReference; explicitFileType = wrapper.application; includeInIndex = 0; path = jyotr.app; sourceTree = BUILT_PRODUCTS_DIR; };
		D8C6D7A317491B9400D796A5 /* UIKit.framework */ = {isa = PBXFileReference; lastKnownFileType = wrapper.framework; name = UIKit.framework; path = System/Library/Frameworks/UIKit.framework; sourceTree = SDKROOT; };
		D8C6D7A517491B9400D796A5 /* Foundation.framework */ = {isa = PBXFileReference; lastKnownFileType = wrapper.framework; name = Foundation.framework; path = System/Library/Frameworks/Foundation.framework; sourceTree = SDKROOT; };
		D8C6D7A717491B9400D796A5 /* CoreGraphics.framework */ = {isa = PBXFileReference; lastKnownFileType = wrapper.framework; name = CoreGraphics.framework; path = System/Library/Frameworks/CoreGraphics.framework; sourceTree = SDKROOT; };
		D8C6D7AB17491B9400D796A5 /* jyotr-Info.plist */ = {isa = PBXFileReference; lastKnownFileType = text.plist.xml; path = "jyotr-Info.plist"; sourceTree = "<group>"; };
		D8C6D7AD17491B9400D796A5 /* en */ = {isa = PBXFileReference; lastKnownFileType = text.plist.strings; name = en; path = en.lproj/InfoPlist.strings; sourceTree = "<group>"; };
		D8C6D7AF17491B9400D796A5 /* main.m */ = {isa = PBXFileReference; lastKnownFileType = sourcecode.c.objc; path = main.m; sourceTree = "<group>"; };
		D8C6D7B117491B9400D796A5 /* jyotr-Prefix.pch */ = {isa = PBXFileReference; lastKnownFileType = sourcecode.c.h; path = "jyotr-Prefix.pch"; sourceTree = "<group>"; };
		D8C6D7B217491B9400D796A5 /* AppDelegate.h */ = {isa = PBXFileReference; lastKnownFileType = sourcecode.c.h; path = AppDelegate.h; sourceTree = "<group>"; };
		D8C6D7B317491B9400D796A5 /* AppDelegate.m */ = {isa = PBXFileReference; lastKnownFileType = sourcecode.c.objc; path = AppDelegate.m; sourceTree = "<group>"; };
		D8C6D7C917491B9400D796A5 /* jyotrTests.octest */ = {isa = PBXFileReference; explicitFileType = wrapper.cfbundle; includeInIndex = 0; path = jyotrTests.octest; sourceTree = BUILT_PRODUCTS_DIR; };
		D8C6D7CA17491B9400D796A5 /* SenTestingKit.framework */ = {isa = PBXFileReference; lastKnownFileType = wrapper.framework; name = SenTestingKit.framework; path = Library/Frameworks/SenTestingKit.framework; sourceTree = DEVELOPER_DIR; };
		D8C6D7D217491B9400D796A5 /* jyotrTests-Info.plist */ = {isa = PBXFileReference; lastKnownFileType = text.plist.xml; path = "jyotrTests-Info.plist"; sourceTree = "<group>"; };
		D8C6D7D417491B9400D796A5 /* en */ = {isa = PBXFileReference; lastKnownFileType = text.plist.strings; name = en; path = en.lproj/InfoPlist.strings; sourceTree = "<group>"; };
		D8C6D7D617491B9400D796A5 /* jyotrTests.h */ = {isa = PBXFileReference; lastKnownFileType = sourcecode.c.h; path = jyotrTests.h; sourceTree = "<group>"; };
		D8C6D7D717491B9400D796A5 /* jyotrTests.m */ = {isa = PBXFileReference; lastKnownFileType = sourcecode.c.objc; path = jyotrTests.m; sourceTree = "<group>"; };
		D8C6D7EB1749257900D796A5 /* Parse.framework */ = {isa = PBXFileReference; lastKnownFileType = wrapper.framework; path = Parse.framework; sourceTree = "<group>"; };
		D8C6D7F717492D0900D796A5 /* AudioToolbox.framework */ = {isa = PBXFileReference; lastKnownFileType = wrapper.framework; name = AudioToolbox.framework; path = System/Library/Frameworks/AudioToolbox.framework; sourceTree = SDKROOT; };
		D8C6D7F917492D0F00D796A5 /* CFNetwork.framework */ = {isa = PBXFileReference; lastKnownFileType = wrapper.framework; name = CFNetwork.framework; path = System/Library/Frameworks/CFNetwork.framework; sourceTree = SDKROOT; };
		D8C6D7FB17492D1B00D796A5 /* CoreLocation.framework */ = {isa = PBXFileReference; lastKnownFileType = wrapper.framework; name = CoreLocation.framework; path = System/Library/Frameworks/CoreLocation.framework; sourceTree = SDKROOT; };
		D8C6D7FD17492D2300D796A5 /* libz.1.1.3.dylib */ = {isa = PBXFileReference; lastKnownFileType = "compiled.mach-o.dylib"; name = libz.1.1.3.dylib; path = usr/lib/libz.1.1.3.dylib; sourceTree = SDKROOT; };
		D8C6D7FF17492D2800D796A5 /* MobileCoreServices.framework */ = {isa = PBXFileReference; lastKnownFileType = wrapper.framework; name = MobileCoreServices.framework; path = System/Library/Frameworks/MobileCoreServices.framework; sourceTree = SDKROOT; };
		D8C6D80117492D2E00D796A5 /* QuartzCore.framework */ = {isa = PBXFileReference; lastKnownFileType = wrapper.framework; name = QuartzCore.framework; path = System/Library/Frameworks/QuartzCore.framework; sourceTree = SDKROOT; };
		D8C6D80317492D3300D796A5 /* Security.framework */ = {isa = PBXFileReference; lastKnownFileType = wrapper.framework; name = Security.framework; path = System/Library/Frameworks/Security.framework; sourceTree = SDKROOT; };
		D8C6D80517492D3700D796A5 /* StoreKit.framework */ = {isa = PBXFileReference; lastKnownFileType = wrapper.framework; name = StoreKit.framework; path = System/Library/Frameworks/StoreKit.framework; sourceTree = SDKROOT; };
		D8C6D80717492D3D00D796A5 /* SystemConfiguration.framework */ = {isa = PBXFileReference; lastKnownFileType = wrapper.framework; name = SystemConfiguration.framework; path = System/Library/Frameworks/SystemConfiguration.framework; sourceTree = SDKROOT; };
/* End PBXFileReference section */

/* Begin PBXFrameworksBuildPhase section */
		D8C6D79D17491B9400D796A5 /* Frameworks */ = {
			isa = PBXFrameworksBuildPhase;
			buildActionMask = 2147483647;
			files = (
				C005B00217557025002BDF6E /* Social.framework in Frameworks */,
				D8C6D80417492D3300D796A5 /* Security.framework in Frameworks */,
				C005B00017557019002BDF6E /* libsqlite3.dylib in Frameworks */,
				C005AFFE1755700A002BDF6E /* Accounts.framework in Frameworks */,
				C005AFFC17557003002BDF6E /* AdSupport.framework in Frameworks */,
				D8C6D80817492D3D00D796A5 /* SystemConfiguration.framework in Frameworks */,
				D8C6D80617492D3700D796A5 /* StoreKit.framework in Frameworks */,
				D8C6D80217492D2E00D796A5 /* QuartzCore.framework in Frameworks */,
				D8C6D80017492D2800D796A5 /* MobileCoreServices.framework in Frameworks */,
				D8C6D7FE17492D2300D796A5 /* libz.1.1.3.dylib in Frameworks */,
				D8C6D7FC17492D1B00D796A5 /* CoreLocation.framework in Frameworks */,
				D8C6D7A817491B9400D796A5 /* CoreGraphics.framework in Frameworks */,
				D8C6D7FA17492D0F00D796A5 /* CFNetwork.framework in Frameworks */,
				D8C6D7F817492D0900D796A5 /* AudioToolbox.framework in Frameworks */,
				D8C6D7A417491B9400D796A5 /* UIKit.framework in Frameworks */,
				D8C6D7A617491B9400D796A5 /* Foundation.framework in Frameworks */,
				D8C6D7EC1749257900D796A5 /* Parse.framework in Frameworks */,
				C005AFF817556F6D002BDF6E /* FacebookSDK.framework in Frameworks */,
			);
			runOnlyForDeploymentPostprocessing = 0;
		};
		D8C6D7C517491B9400D796A5 /* Frameworks */ = {
			isa = PBXFrameworksBuildPhase;
			buildActionMask = 2147483647;
			files = (
				D8C6D7CB17491B9400D796A5 /* SenTestingKit.framework in Frameworks */,
				D8C6D7CC17491B9400D796A5 /* UIKit.framework in Frameworks */,
				D8C6D7CD17491B9400D796A5 /* Foundation.framework in Frameworks */,
			);
			runOnlyForDeploymentPostprocessing = 0;
		};
/* End PBXFrameworksBuildPhase section */

/* Begin PBXGroup section */
		2CFCDAF31758EB6400E18247 /* TableCell */ = {
			isa = PBXGroup;
			children = (
				2CFCDB051758EEEB00E18247 /* Profile */,
				2CFCDB021758EED500E18247 /* BaseTableViewCell.h */,
				2CFCDB031758EED500E18247 /* BaseTableViewCell.m */,
			);
			path = TableCell;
			sourceTree = "<group>";
		};
		2CFCDAF41758EBAB00E18247 /* Authentication */ = {
			isa = PBXGroup;
			children = (
				2CFCDAF51758EBAB00E18247 /* LogInViewController.h */,
				2CFCDAF61758EBAB00E18247 /* LogInViewController.m */,
				2CFCDAF71758EBAB00E18247 /* RegistrationViewController.h */,
				2CFCDAF81758EBAB00E18247 /* RegistrationViewController.m */,
				5A2FD711175A112E000936E1 /* SignOutViewController.h */,
				5A2FD712175A112E000936E1 /* SignOutViewController.m */,
			);
			path = Authentication;
			sourceTree = "<group>";
		};
		2CFCDAF91758EBAB00E18247 /* Profile */ = {
			isa = PBXGroup;
			children = (
				2CFCDAFA1758EBAB00E18247 /* ProfileViewController.h */,
				2CFCDAFB1758EBAB00E18247 /* ProfileViewController.m */,
			);
			path = Profile;
			sourceTree = "<group>";
		};
		2CFCDB051758EEEB00E18247 /* Profile */ = {
			isa = PBXGroup;
			children = (
				2CFCDB061758EEFE00E18247 /* ProfileTableViewCell.h */,
				2CFCDB071758EEFE00E18247 /* ProfileTableViewCell.m */,
			);
			path = Profile;
			sourceTree = "<group>";
		};
		C0132B4D175298F100768231 /* Classes */ = {
			isa = PBXGroup;
			children = (
				C0132B4E175298F100768231 /* Controller */,
				C0132B55175298F100768231 /* Helper */,
				C0132B58175298F100768231 /* Model */,
				C0132B59175298F100768231 /* Utils */,
				C0132B5A175298F100768231 /* View */,
			);
			path = Classes;
			sourceTree = "<group>";
		};
		C0132B4E175298F100768231 /* Controller */ = {
			isa = PBXGroup;
			children = (
				2CFCDAFF1758EE6F00E18247 /* BaseTableViewController.h */,
				2CFCDB001758EE6F00E18247 /* BaseTableViewController.m */,
				2CFCDAF41758EBAB00E18247 /* Authentication */,
				2CFCDAF91758EBAB00E18247 /* Profile */,
				C0132B51175298F100768231 /* MainController.h */,
				C0132B52175298F100768231 /* MainController.m */,
			);
			path = Controller;
			sourceTree = "<group>";
		};
		C0132B55175298F100768231 /* Helper */ = {
			isa = PBXGroup;
			children = (
			);
			path = Helper;
			sourceTree = "<group>";
		};
		C0132B58175298F100768231 /* Model */ = {
			isa = PBXGroup;
			children = (
			);
			path = Model;
			sourceTree = "<group>";
		};
		C0132B59175298F100768231 /* Utils */ = {
			isa = PBXGroup;
			children = (
			);
			path = Utils;
			sourceTree = "<group>";
		};
		C0132B5A175298F100768231 /* View */ = {
			isa = PBXGroup;
			children = (
				2CFCDAF31758EB6400E18247 /* TableCell */,
				C005B00517557500002BDF6E /* LoginView.h */,
				C005B00617557500002BDF6E /* LoginView.m */,
			);
			path = View;
			sourceTree = "<group>";
		};
		C0132B5F1752992000768231 /* Resources */ = {
			isa = PBXGroup;
			children = (
				C0132B601752992000768231 /* bg.jpg */,
				C0132B611752992000768231 /* Default-568h@2x.png */,
				C0132B621752992000768231 /* Default.png */,
				C0132B631752992000768231 /* Default@2x.png */,
				C0132B641752992000768231 /* fb.png */,
				C0132B651752992000768231 /* tw@2x.png */,
			);
			path = Resources;
			sourceTree = "<group>";
		};
		D8C6D79717491B9400D796A5 = {
			isa = PBXGroup;
			children = (
				D8C6D7A917491B9400D796A5 /* jyotr */,
				D8C6D7D017491B9400D796A5 /* jyotrTests */,
				D8C6D7A217491B9400D796A5 /* Frameworks */,
				D8C6D7A117491B9400D796A5 /* Products */,
			);
			sourceTree = "<group>";
		};
		D8C6D7A117491B9400D796A5 /* Products */ = {
			isa = PBXGroup;
			children = (
				D8C6D7A017491B9400D796A5 /* jyotr.app */,
				D8C6D7C917491B9400D796A5 /* jyotrTests.octest */,
			);
			name = Products;
			sourceTree = "<group>";
		};
		D8C6D7A217491B9400D796A5 /* Frameworks */ = {
			isa = PBXGroup;
			children = (
				C005B00117557025002BDF6E /* Social.framework */,
				C005AFFF17557019002BDF6E /* libsqlite3.dylib */,
				C005AFFD1755700A002BDF6E /* Accounts.framework */,
				C005AFFB17557003002BDF6E /* AdSupport.framework */,
				D8C6D80717492D3D00D796A5 /* SystemConfiguration.framework */,
				D8C6D80517492D3700D796A5 /* StoreKit.framework */,
				D8C6D80317492D3300D796A5 /* Security.framework */,
				D8C6D80117492D2E00D796A5 /* QuartzCore.framework */,
				D8C6D7FF17492D2800D796A5 /* MobileCoreServices.framework */,
				D8C6D7FD17492D2300D796A5 /* libz.1.1.3.dylib */,
				D8C6D7FB17492D1B00D796A5 /* CoreLocation.framework */,
				D8C6D7F917492D0F00D796A5 /* CFNetwork.framework */,
				D8C6D7F717492D0900D796A5 /* AudioToolbox.framework */,
				D8C6D7A317491B9400D796A5 /* UIKit.framework */,
				D8C6D7A517491B9400D796A5 /* Foundation.framework */,
				D8C6D7A717491B9400D796A5 /* CoreGraphics.framework */,
				D8C6D7CA17491B9400D796A5 /* SenTestingKit.framework */,
			);
			name = Frameworks;
			sourceTree = "<group>";
		};
		D8C6D7A917491B9400D796A5 /* jyotr */ = {
			isa = PBXGroup;
			children = (
				D8C6D7B217491B9400D796A5 /* AppDelegate.h */,
				D8C6D7B317491B9400D796A5 /* AppDelegate.m */,
				C0132B4D175298F100768231 /* Classes */,
				D8C6D7E417491C7600D796A5 /* Nibs */,
				D8C6D7EA1749257900D796A5 /* Third-party */,
				C0132B5F1752992000768231 /* Resources */,
				D8C6D7AA17491B9400D796A5 /* Supporting Files */,
			);
			path = jyotr;
			sourceTree = "<group>";
		};
		D8C6D7AA17491B9400D796A5 /* Supporting Files */ = {
			isa = PBXGroup;
			children = (
				D8C6D7AB17491B9400D796A5 /* jyotr-Info.plist */,
				D8C6D7AC17491B9400D796A5 /* InfoPlist.strings */,
				D8C6D7AF17491B9400D796A5 /* main.m */,
				D8C6D7B117491B9400D796A5 /* jyotr-Prefix.pch */,
			);
			name = "Supporting Files";
			sourceTree = "<group>";
		};
		D8C6D7D017491B9400D796A5 /* jyotrTests */ = {
			isa = PBXGroup;
			children = (
				D8C6D7D617491B9400D796A5 /* jyotrTests.h */,
				D8C6D7D717491B9400D796A5 /* jyotrTests.m */,
				D8C6D7D117491B9400D796A5 /* Supporting Files */,
			);
			path = jyotrTests;
			sourceTree = "<group>";
		};
		D8C6D7D117491B9400D796A5 /* Supporting Files */ = {
			isa = PBXGroup;
			children = (
				D8C6D7D217491B9400D796A5 /* jyotrTests-Info.plist */,
				D8C6D7D317491B9400D796A5 /* InfoPlist.strings */,
			);
			name = "Supporting Files";
			sourceTree = "<group>";
		};
		D8C6D7E417491C7600D796A5 /* Nibs */ = {
			isa = PBXGroup;
			children = (
				C005B003175572D3002BDF6E /* LoginView_iPhone.xib */,
				D8251984174A2FBA00A36A65 /* RegistrationView_iPhone.xib */,
				5A2FD713175A112E000936E1 /* SignOutViewController.xib */,
			);
			path = Nibs;
			sourceTree = "<group>";
		};
		D8C6D7EA1749257900D796A5 /* Third-party */ = {
			isa = PBXGroup;
			children = (
				C005AFF917556F85002BDF6E /* FacebookSDKResources.bundle */,
				C005AFF717556F6D002BDF6E /* FacebookSDK.framework */,
				D8C6D7EB1749257900D796A5 /* Parse.framework */,
			);
			path = "Third-party";
			sourceTree = "<group>";
		};
/* End PBXGroup section */

/* Begin PBXNativeTarget section */
		D8C6D79F17491B9400D796A5 /* jyotr */ = {
			isa = PBXNativeTarget;
			buildConfigurationList = D8C6D7DB17491B9400D796A5 /* Build configuration list for PBXNativeTarget "jyotr" */;
			buildPhases = (
				D8C6D79C17491B9400D796A5 /* Sources */,
				D8C6D79D17491B9400D796A5 /* Frameworks */,
				D8C6D79E17491B9400D796A5 /* Resources */,
			);
			buildRules = (
			);
			dependencies = (
			);
			name = jyotr;
			productName = jyotr;
			productReference = D8C6D7A017491B9400D796A5 /* jyotr.app */;
			productType = "com.apple.product-type.application";
		};
		D8C6D7C817491B9400D796A5 /* jyotrTests */ = {
			isa = PBXNativeTarget;
			buildConfigurationList = D8C6D7DE17491B9400D796A5 /* Build configuration list for PBXNativeTarget "jyotrTests" */;
			buildPhases = (
				D8C6D7C417491B9400D796A5 /* Sources */,
				D8C6D7C517491B9400D796A5 /* Frameworks */,
				D8C6D7C617491B9400D796A5 /* Resources */,
				D8C6D7C717491B9400D796A5 /* ShellScript */,
			);
			buildRules = (
			);
			dependencies = (
				D8C6D7CF17491B9400D796A5 /* PBXTargetDependency */,
			);
			name = jyotrTests;
			productName = jyotrTests;
			productReference = D8C6D7C917491B9400D796A5 /* jyotrTests.octest */;
			productType = "com.apple.product-type.bundle";
		};
/* End PBXNativeTarget section */

/* Begin PBXProject section */
		D8C6D79817491B9400D796A5 /* Project object */ = {
			isa = PBXProject;
			attributes = {
				LastUpgradeCheck = 0460;
				ORGANIZATIONNAME = "Armen Mkrtchyan";
			};
			buildConfigurationList = D8C6D79B17491B9400D796A5 /* Build configuration list for PBXProject "jyotr" */;
			compatibilityVersion = "Xcode 3.2";
			developmentRegion = English;
			hasScannedForEncodings = 0;
			knownRegions = (
				en,
			);
			mainGroup = D8C6D79717491B9400D796A5;
			productRefGroup = D8C6D7A117491B9400D796A5 /* Products */;
			projectDirPath = "";
			projectRoot = "";
			targets = (
				D8C6D79F17491B9400D796A5 /* jyotr */,
				D8C6D7C817491B9400D796A5 /* jyotrTests */,
			);
		};
/* End PBXProject section */

/* Begin PBXResourcesBuildPhase section */
		D8C6D79E17491B9400D796A5 /* Resources */ = {
			isa = PBXResourcesBuildPhase;
			buildActionMask = 2147483647;
			files = (
				D8C6D7AE17491B9400D796A5 /* InfoPlist.strings in Resources */,
				D8251986174A2FBA00A36A65 /* RegistrationView_iPhone.xib in Resources */,
				C0132B661752992000768231 /* bg.jpg in Resources */,
				C0132B671752992000768231 /* Default-568h@2x.png in Resources */,
				C0132B681752992000768231 /* Default.png in Resources */,
				C0132B691752992000768231 /* Default@2x.png in Resources */,
				C0132B6A1752992000768231 /* fb.png in Resources */,
				C0132B6B1752992000768231 /* tw@2x.png in Resources */,
				C005AFFA17556F85002BDF6E /* FacebookSDKResources.bundle in Resources */,
				C005B004175572D3002BDF6E /* LoginView_iPhone.xib in Resources */,
				5A2FD715175A112E000936E1 /* SignOutViewController.xib in Resources */,
			);
			runOnlyForDeploymentPostprocessing = 0;
		};
		D8C6D7C617491B9400D796A5 /* Resources */ = {
			isa = PBXResourcesBuildPhase;
			buildActionMask = 2147483647;
			files = (
				D8C6D7D517491B9400D796A5 /* InfoPlist.strings in Resources */,
			);
			runOnlyForDeploymentPostprocessing = 0;
		};
/* End PBXResourcesBuildPhase section */

/* Begin PBXShellScriptBuildPhase section */
		D8C6D7C717491B9400D796A5 /* ShellScript */ = {
			isa = PBXShellScriptBuildPhase;
			buildActionMask = 2147483647;
			files = (
			);
			inputPaths = (
			);
			outputPaths = (
			);
			runOnlyForDeploymentPostprocessing = 0;
			shellPath = /bin/sh;
			shellScript = "# Run the unit tests in this test bundle.\n\"${SYSTEM_DEVELOPER_DIR}/Tools/RunUnitTests\"\n";
		};
/* End PBXShellScriptBuildPhase section */

/* Begin PBXSourcesBuildPhase section */
		D8C6D79C17491B9400D796A5 /* Sources */ = {
			isa = PBXSourcesBuildPhase;
			buildActionMask = 2147483647;
			files = (
				D8C6D7B017491B9400D796A5 /* main.m in Sources */,
				D8C6D7B417491B9400D796A5 /* AppDelegate.m in Sources */,
				C0132B5C175298F100768231 /* MainController.m in Sources */,
				C005B00717557500002BDF6E /* LoginView.m in Sources */,
				2CFCDAFC1758EBAB00E18247 /* LogInViewController.m in Sources */,
				2CFCDAFD1758EBAB00E18247 /* RegistrationViewController.m in Sources */,
				2CFCDAFE1758EBAB00E18247 /* ProfileViewController.m in Sources */,
				2CFCDB011758EE6F00E18247 /* BaseTableViewController.m in Sources */,
				2CFCDB041758EED500E18247 /* BaseTableViewCell.m in Sources */,
				2CFCDB081758EEFE00E18247 /* ProfileTableViewCell.m in Sources */,
				5A2FD714175A112E000936E1 /* SignOutViewController.m in Sources */,
			);
			runOnlyForDeploymentPostprocessing = 0;
		};
		D8C6D7C417491B9400D796A5 /* Sources */ = {
			isa = PBXSourcesBuildPhase;
			buildActionMask = 2147483647;
			files = (
				D8C6D7D817491B9400D796A5 /* jyotrTests.m in Sources */,
			);
			runOnlyForDeploymentPostprocessing = 0;
		};
/* End PBXSourcesBuildPhase section */

/* Begin PBXTargetDependency section */
		D8C6D7CF17491B9400D796A5 /* PBXTargetDependency */ = {
			isa = PBXTargetDependency;
			target = D8C6D79F17491B9400D796A5 /* jyotr */;
			targetProxy = D8C6D7CE17491B9400D796A5 /* PBXContainerItemProxy */;
		};
/* End PBXTargetDependency section */

/* Begin PBXVariantGroup section */
		D8C6D7AC17491B9400D796A5 /* InfoPlist.strings */ = {
			isa = PBXVariantGroup;
			children = (
				D8C6D7AD17491B9400D796A5 /* en */,
			);
			name = InfoPlist.strings;
			sourceTree = "<group>";
		};
		D8C6D7D317491B9400D796A5 /* InfoPlist.strings */ = {
			isa = PBXVariantGroup;
			children = (
				D8C6D7D417491B9400D796A5 /* en */,
			);
			name = InfoPlist.strings;
			sourceTree = "<group>";
		};
/* End PBXVariantGroup section */

/* Begin XCBuildConfiguration section */
		D8C6D7D917491B9400D796A5 /* Debug */ = {
			isa = XCBuildConfiguration;
			buildSettings = {
				ALWAYS_SEARCH_USER_PATHS = NO;
				CLANG_CXX_LANGUAGE_STANDARD = "gnu++0x";
				CLANG_CXX_LIBRARY = "libc++";
				CLANG_ENABLE_OBJC_ARC = YES;
				CLANG_WARN_CONSTANT_CONVERSION = YES;
				CLANG_WARN_EMPTY_BODY = YES;
				CLANG_WARN_ENUM_CONVERSION = YES;
				CLANG_WARN_INT_CONVERSION = YES;
				CLANG_WARN__DUPLICATE_METHOD_MATCH = YES;
				"CODE_SIGN_IDENTITY[sdk=iphoneos*]" = "iPhone Developer";
				COPY_PHASE_STRIP = NO;
				GCC_C_LANGUAGE_STANDARD = gnu99;
				GCC_DYNAMIC_NO_PIC = NO;
				GCC_OPTIMIZATION_LEVEL = 0;
				GCC_PREPROCESSOR_DEFINITIONS = (
					"DEBUG=1",
					"$(inherited)",
				);
				GCC_SYMBOLS_PRIVATE_EXTERN = NO;
				GCC_WARN_ABOUT_RETURN_TYPE = YES;
				GCC_WARN_UNINITIALIZED_AUTOS = YES;
				GCC_WARN_UNUSED_VARIABLE = YES;
				IPHONEOS_DEPLOYMENT_TARGET = 6.1;
				ONLY_ACTIVE_ARCH = YES;
				SDKROOT = iphoneos;
				TARGETED_DEVICE_FAMILY = "1,2";
			};
			name = Debug;
		};
		D8C6D7DA17491B9400D796A5 /* Release */ = {
			isa = XCBuildConfiguration;
			buildSettings = {
				ALWAYS_SEARCH_USER_PATHS = NO;
				CLANG_CXX_LANGUAGE_STANDARD = "gnu++0x";
				CLANG_CXX_LIBRARY = "libc++";
				CLANG_ENABLE_OBJC_ARC = YES;
				CLANG_WARN_CONSTANT_CONVERSION = YES;
				CLANG_WARN_EMPTY_BODY = YES;
				CLANG_WARN_ENUM_CONVERSION = YES;
				CLANG_WARN_INT_CONVERSION = YES;
				CLANG_WARN__DUPLICATE_METHOD_MATCH = YES;
				"CODE_SIGN_IDENTITY[sdk=iphoneos*]" = "iPhone Developer";
				COPY_PHASE_STRIP = YES;
				GCC_C_LANGUAGE_STANDARD = gnu99;
				GCC_WARN_ABOUT_RETURN_TYPE = YES;
				GCC_WARN_UNINITIALIZED_AUTOS = YES;
				GCC_WARN_UNUSED_VARIABLE = YES;
				IPHONEOS_DEPLOYMENT_TARGET = 6.1;
				OTHER_CFLAGS = "-DNS_BLOCK_ASSERTIONS=1";
				SDKROOT = iphoneos;
				TARGETED_DEVICE_FAMILY = "1,2";
				VALIDATE_PRODUCT = YES;
			};
			name = Release;
		};
		D8C6D7DC17491B9400D796A5 /* Debug */ = {
			isa = XCBuildConfiguration;
			buildSettings = {
				FRAMEWORK_SEARCH_PATHS = (
					"$(inherited)",
					"\"$(SRCROOT)/jyotr/Third-party\"",
				);
				GCC_PRECOMPILE_PREFIX_HEADER = YES;
				GCC_PREFIX_HEADER = "jyotr/jyotr-Prefix.pch";
				INFOPLIST_FILE = "jyotr/jyotr-Info.plist";
				IPHONEOS_DEPLOYMENT_TARGET = 5.0;
				PRODUCT_NAME = "$(TARGET_NAME)";
				TARGETED_DEVICE_FAMILY = 1;
				WRAPPER_EXTENSION = app;
			};
			name = Debug;
		};
		D8C6D7DD17491B9400D796A5 /* Release */ = {
			isa = XCBuildConfiguration;
			buildSettings = {
				FRAMEWORK_SEARCH_PATHS = (
					"$(inherited)",
					"\"$(SRCROOT)/jyotr/Third-party\"",
				);
				GCC_PRECOMPILE_PREFIX_HEADER = YES;
				GCC_PREFIX_HEADER = "jyotr/jyotr-Prefix.pch";
				INFOPLIST_FILE = "jyotr/jyotr-Info.plist";
				IPHONEOS_DEPLOYMENT_TARGET = 5.0;
				PRODUCT_NAME = "$(TARGET_NAME)";
				TARGETED_DEVICE_FAMILY = 1;
				WRAPPER_EXTENSION = app;
			};
			name = Release;
		};
		D8C6D7DF17491B9400D796A5 /* Debug */ = {
			isa = XCBuildConfiguration;
			buildSettings = {
				BUNDLE_LOADER = "$(BUILT_PRODUCTS_DIR)/jyotr.app/jyotr";
				FRAMEWORK_SEARCH_PATHS = (
					"\"$(SDKROOT)/Developer/Library/Frameworks\"",
					"\"$(DEVELOPER_LIBRARY_DIR)/Frameworks\"",
				);
				GCC_PRECOMPILE_PREFIX_HEADER = YES;
				GCC_PREFIX_HEADER = "jyotr/jyotr-Prefix.pch";
				INFOPLIST_FILE = "jyotrTests/jyotrTests-Info.plist";
				PRODUCT_NAME = "$(TARGET_NAME)";
				TEST_HOST = "$(BUNDLE_LOADER)";
				WRAPPER_EXTENSION = octest;
			};
			name = Debug;
		};
		D8C6D7E017491B9400D796A5 /* Release */ = {
			isa = XCBuildConfiguration;
			buildSettings = {
				BUNDLE_LOADER = "$(BUILT_PRODUCTS_DIR)/jyotr.app/jyotr";
				FRAMEWORK_SEARCH_PATHS = (
					"\"$(SDKROOT)/Developer/Library/Frameworks\"",
					"\"$(DEVELOPER_LIBRARY_DIR)/Frameworks\"",
				);
				GCC_PRECOMPILE_PREFIX_HEADER = YES;
				GCC_PREFIX_HEADER = "jyotr/jyotr-Prefix.pch";
				INFOPLIST_FILE = "jyotrTests/jyotrTests-Info.plist";
				PRODUCT_NAME = "$(TARGET_NAME)";
				TEST_HOST = "$(BUNDLE_LOADER)";
				WRAPPER_EXTENSION = octest;
			};
			name = Release;
		};
/* End XCBuildConfiguration section */

/* Begin XCConfigurationList section */
		D8C6D79B17491B9400D796A5 /* Build configuration list for PBXProject "jyotr" */ = {
			isa = XCConfigurationList;
			buildConfigurations = (
				D8C6D7D917491B9400D796A5 /* Debug */,
				D8C6D7DA17491B9400D796A5 /* Release */,
			);
			defaultConfigurationIsVisible = 0;
			defaultConfigurationName = Release;
		};
		D8C6D7DB17491B9400D796A5 /* Build configuration list for PBXNativeTarget "jyotr" */ = {
			isa = XCConfigurationList;
			buildConfigurations = (
				D8C6D7DC17491B9400D796A5 /* Debug */,
				D8C6D7DD17491B9400D796A5 /* Release */,
			);
			defaultConfigurationIsVisible = 0;
			defaultConfigurationName = Release;
		};
		D8C6D7DE17491B9400D796A5 /* Build configuration list for PBXNativeTarget "jyotrTests" */ = {
			isa = XCConfigurationList;
			buildConfigurations = (
				D8C6D7DF17491B9400D796A5 /* Debug */,
				D8C6D7E017491B9400D796A5 /* Release */,
			);
			defaultConfigurationIsVisible = 0;
			defaultConfigurationName = Release;
		};
/* End XCConfigurationList section */
	};
	rootObject = D8C6D79817491B9400D796A5 /* Project object */;
}
